
Microsoft Visual Studio Solution File, Format Version 12.00
# Visual Studio Version 17
VisualStudioVersion = 17.6.33723.286
MinimumVisualStudioVersion = 10.0.40219.1
Project("{FAE04EC0-301F-11D3-BF4B-00C04F79EFBC}") = "Pacman", "Pacman\Pacman.csproj", "{94F3B483-D2EA-4EA9-9CDB-EBCCD9FC6AA8}"
EndProject
Global
	GlobalSection(SolutionConfigurationPlatforms) = preSolution
		Debug|Any CPU = Debug|Any CPU
		Release|Any CPU = Release|Any CPU
	EndGlobalSection
	GlobalSection(ProjectConfigurationPlatforms) = postSolution
		{94F3B483-D2EA-4EA9-9CDB-EBCCD9FC6AA8}.Debug|Any CPU.ActiveCfg = Debug|Any CPU
		{94F3B483-D2EA-4EA9-9CDB-EBCCD9FC6AA8}.Debug|Any CPU.Build.0 = Debug|Any CPU
		{94F3B483-D2EA-4EA9-9CDB-EBCCD9FC6AA8}.Release|Any CPU.ActiveCfg = Release|Any CPU
		{94F3B483-D2EA-4EA9-9CDB-EBCCD9FC6AA8}.Release|Any CPU.Build.0 = Release|Any CPU
	EndGlobalSection
	GlobalSection(SolutionProperties) = preSolution
		HideSolutionNode = FALSE
	EndGlobalSection
	GlobalSection(ExtensibilityGlobals) = postSolution
		SolutionGuid = {537109F5-1B3E-4DD5-B912-CEF646EB2E9D}
	EndGlobalSection
EndGlobal
